
Microsoft Visual Studio Solution File, Format Version 12.00
# Visual Studio Version 17
VisualStudioVersion = 17.7.34031.279
MinimumVisualStudioVersion = 10.0.40219.1
Project("{FAE04EC0-301F-11D3-BF4B-00C04F79EFBC}") = "DevTrackR.Notifications.API", "DevTrackR.Notifications.API\DevTrackR.Notifications.API.csproj", "{CDB99D4D-BA6A-4DAB-B834-56665A27AD0B}"
EndProject
Global
	GlobalSection(SolutionConfigurationPlatforms) = preSolution
		Debug|Any CPU = Debug|Any CPU
		Release|Any CPU = Release|Any CPU
	EndGlobalSection
	GlobalSection(ProjectConfigurationPlatforms) = postSolution
		{CDB99D4D-BA6A-4DAB-B834-56665A27AD0B}.Debug|Any CPU.ActiveCfg = Debug|Any CPU
		{CDB99D4D-BA6A-4DAB-B834-56665A27AD0B}.Debug|Any CPU.Build.0 = Debug|Any CPU
		{CDB99D4D-BA6A-4DAB-B834-56665A27AD0B}.Release|Any CPU.ActiveCfg = Release|Any CPU
		{CDB99D4D-BA6A-4DAB-B834-56665A27AD0B}.Release|Any CPU.Build.0 = Release|Any CPU
	EndGlobalSection
	GlobalSection(SolutionProperties) = preSolution
		HideSolutionNode = FALSE
	EndGlobalSection
	GlobalSection(ExtensibilityGlobals) = postSolution
		SolutionGuid = {37605B77-CCC2-4D8B-9CDC-C1A603E34B1E}
	EndGlobalSection
EndGlobal
